
Microsoft Visual Studio Solution File, Format Version 12.00
# Visual Studio Version 17
VisualStudioVersion = 17.3.32825.248
MinimumVisualStudioVersion = 10.0.40219.1
Project("{FAE04EC0-301F-11D3-BF4B-00C04F79EFBC}") = "Linq_Student", "Linq_Student\Linq_Student.csproj", "{60868FE9-36F8-41D2-9A0A-F32E386F79AF}"
EndProject
Global
	GlobalSection(SolutionConfigurationPlatforms) = preSolution
		Debug|Any CPU = Debug|Any CPU
		Release|Any CPU = Release|Any CPU
	EndGlobalSection
	GlobalSection(ProjectConfigurationPlatforms) = postSolution
		{60868FE9-36F8-41D2-9A0A-F32E386F79AF}.Debug|Any CPU.ActiveCfg = Debug|Any CPU
		{60868FE9-36F8-41D2-9A0A-F32E386F79AF}.Debug|Any CPU.Build.0 = Debug|Any CPU
		{60868FE9-36F8-41D2-9A0A-F32E386F79AF}.Release|Any CPU.ActiveCfg = Release|Any CPU
		{60868FE9-36F8-41D2-9A0A-F32E386F79AF}.Release|Any CPU.Build.0 = Release|Any CPU
	EndGlobalSection
	GlobalSection(SolutionProperties) = preSolution
		HideSolutionNode = FALSE
	EndGlobalSection
	GlobalSection(ExtensibilityGlobals) = postSolution
		SolutionGuid = {62BA41EC-D0ED-474B-8938-2CC4B49A61A9}
	EndGlobalSection
EndGlobal
