
Microsoft Visual Studio Solution File, Format Version 12.00
# Visual Studio Version 17
VisualStudioVersion = 17.3.32825.248
MinimumVisualStudioVersion = 10.0.40219.1
Project("{FAE04EC0-301F-11D3-BF4B-00C04F79EFBC}") = "DivideIt", "DivideIt\DivideIt.csproj", "{9C20F739-8E1C-488E-8480-E2F781BC2706}"
EndProject
Global
	GlobalSection(SolutionConfigurationPlatforms) = preSolution
		Debug|Any CPU = Debug|Any CPU
		Release|Any CPU = Release|Any CPU
	EndGlobalSection
	GlobalSection(ProjectConfigurationPlatforms) = postSolution
		{9C20F739-8E1C-488E-8480-E2F781BC2706}.Debug|Any CPU.ActiveCfg = Debug|Any CPU
		{9C20F739-8E1C-488E-8480-E2F781BC2706}.Debug|Any CPU.Build.0 = Debug|Any CPU
		{9C20F739-8E1C-488E-8480-E2F781BC2706}.Release|Any CPU.ActiveCfg = Release|Any CPU
		{9C20F739-8E1C-488E-8480-E2F781BC2706}.Release|Any CPU.Build.0 = Release|Any CPU
	EndGlobalSection
	GlobalSection(SolutionProperties) = preSolution
		HideSolutionNode = FALSE
	EndGlobalSection
	GlobalSection(ExtensibilityGlobals) = postSolution
		SolutionGuid = {8A5C4FAA-58C8-4125-8FFF-94FDC038C735}
	EndGlobalSection
EndGlobal
