
Microsoft Visual Studio Solution File, Format Version 12.00
# Visual Studio Version 17
VisualStudioVersion = 17.3.32825.248
MinimumVisualStudioVersion = 10.0.40219.1
Project("{FAE04EC0-301F-11D3-BF4B-00C04F79EFBC}") = "CreatingDataTable", "CreatingDataTable\CreatingDataTable.csproj", "{036015AD-173B-4A01-813F-2DA9E1CEB740}"
EndProject
Global
	GlobalSection(SolutionConfigurationPlatforms) = preSolution
		Debug|Any CPU = Debug|Any CPU
		Release|Any CPU = Release|Any CPU
	EndGlobalSection
	GlobalSection(ProjectConfigurationPlatforms) = postSolution
		{036015AD-173B-4A01-813F-2DA9E1CEB740}.Debug|Any CPU.ActiveCfg = Debug|Any CPU
		{036015AD-173B-4A01-813F-2DA9E1CEB740}.Debug|Any CPU.Build.0 = Debug|Any CPU
		{036015AD-173B-4A01-813F-2DA9E1CEB740}.Release|Any CPU.ActiveCfg = Release|Any CPU
		{036015AD-173B-4A01-813F-2DA9E1CEB740}.Release|Any CPU.Build.0 = Release|Any CPU
	EndGlobalSection
	GlobalSection(SolutionProperties) = preSolution
		HideSolutionNode = FALSE
	EndGlobalSection
	GlobalSection(ExtensibilityGlobals) = postSolution
		SolutionGuid = {5D3457E9-DA74-4E17-A9EA-E458749584D6}
	EndGlobalSection
EndGlobal
