
Microsoft Visual Studio Solution File, Format Version 12.00
# Visual Studio Version 17
VisualStudioVersion = 17.3.32825.248
MinimumVisualStudioVersion = 10.0.40219.1
Project("{FAE04EC0-301F-11D3-BF4B-00C04F79EFBC}") = "DataBindingSimple", "DataBindingSimple\DataBindingSimple.csproj", "{BFE5A712-3393-4952-9FDC-BC121F991857}"
EndProject
Global
	GlobalSection(SolutionConfigurationPlatforms) = preSolution
		Debug|Any CPU = Debug|Any CPU
		Release|Any CPU = Release|Any CPU
	EndGlobalSection
	GlobalSection(ProjectConfigurationPlatforms) = postSolution
		{BFE5A712-3393-4952-9FDC-BC121F991857}.Debug|Any CPU.ActiveCfg = Debug|Any CPU
		{BFE5A712-3393-4952-9FDC-BC121F991857}.Debug|Any CPU.Build.0 = Debug|Any CPU
		{BFE5A712-3393-4952-9FDC-BC121F991857}.Release|Any CPU.ActiveCfg = Release|Any CPU
		{BFE5A712-3393-4952-9FDC-BC121F991857}.Release|Any CPU.Build.0 = Release|Any CPU
	EndGlobalSection
	GlobalSection(SolutionProperties) = preSolution
		HideSolutionNode = FALSE
	EndGlobalSection
	GlobalSection(ExtensibilityGlobals) = postSolution
		SolutionGuid = {EA106BC9-E939-45B9-B87C-5A4801727542}
	EndGlobalSection
EndGlobal
