
Microsoft Visual Studio Solution File, Format Version 12.00
# Visual Studio Version 17
VisualStudioVersion = 17.3.32825.248
MinimumVisualStudioVersion = 10.0.40219.1
Project("{FAE04EC0-301F-11D3-BF4B-00C04F79EFBC}") = "WhatDay2", "WhatDay2\WhatDay2.csproj", "{4B6986DB-D7EC-43E6-BB3D-66B171735889}"
EndProject
Global
	GlobalSection(SolutionConfigurationPlatforms) = preSolution
		Debug|Any CPU = Debug|Any CPU
		Release|Any CPU = Release|Any CPU
	EndGlobalSection
	GlobalSection(ProjectConfigurationPlatforms) = postSolution
		{4B6986DB-D7EC-43E6-BB3D-66B171735889}.Debug|Any CPU.ActiveCfg = Debug|Any CPU
		{4B6986DB-D7EC-43E6-BB3D-66B171735889}.Debug|Any CPU.Build.0 = Debug|Any CPU
		{4B6986DB-D7EC-43E6-BB3D-66B171735889}.Release|Any CPU.ActiveCfg = Release|Any CPU
		{4B6986DB-D7EC-43E6-BB3D-66B171735889}.Release|Any CPU.Build.0 = Release|Any CPU
	EndGlobalSection
	GlobalSection(SolutionProperties) = preSolution
		HideSolutionNode = FALSE
	EndGlobalSection
	GlobalSection(ExtensibilityGlobals) = postSolution
		SolutionGuid = {05739234-0B0E-4BF3-B97B-6188BA546659}
	EndGlobalSection
EndGlobal
