
Microsoft Visual Studio Solution File, Format Version 12.00
# Visual Studio Version 17
VisualStudioVersion = 17.3.32825.248
MinimumVisualStudioVersion = 10.0.40219.1
Project("{FAE04EC0-301F-11D3-BF4B-00C04F79EFBC}") = "CourseManager", "CourseManager\CourseManager.csproj", "{373C3906-03FF-4DC8-9BD7-5F7E8753C8F0}"
EndProject
Global
	GlobalSection(SolutionConfigurationPlatforms) = preSolution
		Debug|Any CPU = Debug|Any CPU
		Release|Any CPU = Release|Any CPU
	EndGlobalSection
	GlobalSection(ProjectConfigurationPlatforms) = postSolution
		{373C3906-03FF-4DC8-9BD7-5F7E8753C8F0}.Debug|Any CPU.ActiveCfg = Debug|Any CPU
		{373C3906-03FF-4DC8-9BD7-5F7E8753C8F0}.Debug|Any CPU.Build.0 = Debug|Any CPU
		{373C3906-03FF-4DC8-9BD7-5F7E8753C8F0}.Release|Any CPU.ActiveCfg = Release|Any CPU
		{373C3906-03FF-4DC8-9BD7-5F7E8753C8F0}.Release|Any CPU.Build.0 = Release|Any CPU
	EndGlobalSection
	GlobalSection(SolutionProperties) = preSolution
		HideSolutionNode = FALSE
	EndGlobalSection
	GlobalSection(ExtensibilityGlobals) = postSolution
		SolutionGuid = {6AAC19EC-AA13-4A0D-8E3E-702B48A11392}
	EndGlobalSection
EndGlobal
