
Microsoft Visual Studio Solution File, Format Version 12.00
# Visual Studio Version 17
VisualStudioVersion = 17.3.32825.248
MinimumVisualStudioVersion = 10.0.40219.1
Project("{FAE04EC0-301F-11D3-BF4B-00C04F79EFBC}") = "DataBindingComplex", "DataBindingComplex\DataBindingComplex.csproj", "{E014BF20-1E80-4A99-A888-EBD13D837FDC}"
EndProject
Global
	GlobalSection(SolutionConfigurationPlatforms) = preSolution
		Debug|Any CPU = Debug|Any CPU
		Release|Any CPU = Release|Any CPU
	EndGlobalSection
	GlobalSection(ProjectConfigurationPlatforms) = postSolution
		{E014BF20-1E80-4A99-A888-EBD13D837FDC}.Debug|Any CPU.ActiveCfg = Debug|Any CPU
		{E014BF20-1E80-4A99-A888-EBD13D837FDC}.Debug|Any CPU.Build.0 = Debug|Any CPU
		{E014BF20-1E80-4A99-A888-EBD13D837FDC}.Release|Any CPU.ActiveCfg = Release|Any CPU
		{E014BF20-1E80-4A99-A888-EBD13D837FDC}.Release|Any CPU.Build.0 = Release|Any CPU
	EndGlobalSection
	GlobalSection(SolutionProperties) = preSolution
		HideSolutionNode = FALSE
	EndGlobalSection
	GlobalSection(ExtensibilityGlobals) = postSolution
		SolutionGuid = {724A8796-7DAA-4A12-AFDE-19737291E178}
	EndGlobalSection
EndGlobal
