
Microsoft Visual Studio Solution File, Format Version 12.00
# Visual Studio Version 17
VisualStudioVersion = 17.3.32825.248
MinimumVisualStudioVersion = 10.0.40219.1
Project("{FAE04EC0-301F-11D3-BF4B-00C04F79EFBC}") = "TestDisplay", "TestDisplay\TestDisplay.csproj", "{F4FF0047-9740-4241-AABD-C86125B2E5C4}"
EndProject
Global
	GlobalSection(SolutionConfigurationPlatforms) = preSolution
		Debug|Any CPU = Debug|Any CPU
		Release|Any CPU = Release|Any CPU
	EndGlobalSection
	GlobalSection(ProjectConfigurationPlatforms) = postSolution
		{F4FF0047-9740-4241-AABD-C86125B2E5C4}.Debug|Any CPU.ActiveCfg = Debug|Any CPU
		{F4FF0047-9740-4241-AABD-C86125B2E5C4}.Debug|Any CPU.Build.0 = Debug|Any CPU
		{F4FF0047-9740-4241-AABD-C86125B2E5C4}.Release|Any CPU.ActiveCfg = Release|Any CPU
		{F4FF0047-9740-4241-AABD-C86125B2E5C4}.Release|Any CPU.Build.0 = Release|Any CPU
	EndGlobalSection
	GlobalSection(SolutionProperties) = preSolution
		HideSolutionNode = FALSE
	EndGlobalSection
	GlobalSection(ExtensibilityGlobals) = postSolution
		SolutionGuid = {C4AB56B6-5650-46DB-B786-F6DE52B5CE45}
	EndGlobalSection
EndGlobal
