
Microsoft Visual Studio Solution File, Format Version 12.00
# Visual Studio Version 17
VisualStudioVersion = 17.3.32825.248
MinimumVisualStudioVersion = 10.0.40219.1
Project("{FAE04EC0-301F-11D3-BF4B-00C04F79EFBC}") = "Audit", "Audit\Audit.csproj", "{0AF23BE8-9D97-4E11-9EB0-3CE1317E182E}"
EndProject
Global
	GlobalSection(SolutionConfigurationPlatforms) = preSolution
		Debug|Any CPU = Debug|Any CPU
		Release|Any CPU = Release|Any CPU
	EndGlobalSection
	GlobalSection(ProjectConfigurationPlatforms) = postSolution
		{0AF23BE8-9D97-4E11-9EB0-3CE1317E182E}.Debug|Any CPU.ActiveCfg = Debug|Any CPU
		{0AF23BE8-9D97-4E11-9EB0-3CE1317E182E}.Debug|Any CPU.Build.0 = Debug|Any CPU
		{0AF23BE8-9D97-4E11-9EB0-3CE1317E182E}.Release|Any CPU.ActiveCfg = Release|Any CPU
		{0AF23BE8-9D97-4E11-9EB0-3CE1317E182E}.Release|Any CPU.Build.0 = Release|Any CPU
	EndGlobalSection
	GlobalSection(SolutionProperties) = preSolution
		HideSolutionNode = FALSE
	EndGlobalSection
	GlobalSection(ExtensibilityGlobals) = postSolution
		SolutionGuid = {06781FA0-43B2-423C-A2CD-27D1976012D8}
	EndGlobalSection
EndGlobal
